// !$*UTF8*$!
{
	archiveVersion = 1;
	classes = {
	};
	objectVersion = 46;
	objects = {

/* Begin PBXBuildFile section */
		CE35CE741C4A3E2700DFA141 /* AppDelegate.swift in Sources */ = {isa = PBXBuildFile; fileRef = CE35CE731C4A3E2700DFA141 /* AppDelegate.swift */; };
		CE35CE761C4A3E2700DFA141 /* ViewController.swift in Sources */ = {isa = PBXBuildFile; fileRef = CE35CE751C4A3E2700DFA141 /* ViewController.swift */; };
		CE35CE791C4A3E2700DFA141 /* Main.storyboard in Resources */ = {isa = PBXBuildFile; fileRef = CE35CE771C4A3E2700DFA141 /* Main.storyboard */; };
		CE35CE7B1C4A3E2700DFA141 /* Assets.xcassets in Resources */ = {isa = PBXBuildFile; fileRef = CE35CE7A1C4A3E2700DFA141 /* Assets.xcassets */; };
		CE35CE7E1C4A3E2700DFA141 /* LaunchScreen.storyboard in Resources */ = {isa = PBXBuildFile; fileRef = CE35CE7C1C4A3E2700DFA141 /* LaunchScreen.storyboard */; };
		CE35CE881C4A3E8D00DFA141 /* OCClass.m in Sources */ = {isa = PBXBuildFile; fileRef = CE35CE871C4A3E8D00DFA141 /* OCClass.m */; };
/* End PBXBuildFile section */

/* Begin PBXFileReference section */
		CE35CE701C4A3E2700DFA141 /* SwiftWithC.app */ = {isa = PBXFileReference; explicitFileType = wrapper.application; includeInIndex = 0; path = SwiftWithC.app; sourceTree = BUILT_PRODUCTS_DIR; };
		CE35CE731C4A3E2700DFA141 /* AppDelegate.swift */ = {isa = PBXFileReference; lastKnownFileType = sourcecode.swift; path = AppDelegate.swift; sourceTree = "<group>"; };
		CE35CE751C4A3E2700DFA141 /* ViewController.swift */ = {isa = PBXFileReference; lastKnownFileType = sourcecode.swift; path = ViewController.swift; sourceTree = "<group>"; };
		CE35CE781C4A3E2700DFA141 /* Base */ = {isa = PBXFileReference; lastKnownFileType = file.storyboard; name = Base; path = Base.lproj/Main.storyboard; sourceTree = "<group>"; };
		CE35CE7A1C4A3E2700DFA141 /* Assets.xcassets */ = {isa = PBXFileReference; lastKnownFileType = folder.assetcatalog; path = Assets.xcassets; sourceTree = "<group>"; };
		CE35CE7D1C4A3E2700DFA141 /* Base */ = {isa = PBXFileReference; lastKnownFileType = file.storyboard; name = Base; path = Base.lproj/LaunchScreen.storyboard; sourceTree = "<group>"; };
		CE35CE7F1C4A3E2700DFA141 /* Info.plist */ = {isa = PBXFileReference; lastKnownFileType = text.plist.xml; path = Info.plist; sourceTree = "<group>"; };
		CE35CE851C4A3E8C00DFA141 /* SwiftWithC-Bridging-Header.h */ = {isa = PBXFileReference; lastKnownFileType = sourcecode.c.h; path = "SwiftWithC-Bridging-Header.h"; sourceTree = "<group>"; };
		CE35CE861C4A3E8D00DFA141 /* OCClass.h */ = {isa = PBXFileReference; fileEncoding = 4; lastKnownFileType = sourcecode.c.h; path = OCClass.h; sourceTree = "<group>"; };
		CE35CE871C4A3E8D00DFA141 /* OCClass.m */ = {isa = PBXFileReference; fileEncoding = 4; lastKnownFileType = sourcecode.c.objc; path = OCClass.m; sourceTree = "<group>"; };
/* End PBXFileReference section */

/* Begin PBXFrameworksBuildPhase section */
		CE35CE6D1C4A3E2700DFA141 /* Frameworks */ = {
			isa = PBXFrameworksBuildPhase;
			buildActionMask = 2147483647;
			files = (
			);
			runOnlyForDeploymentPostprocessing = 0;
		};
/* End PBXFrameworksBuildPhase section */

/* Begin PBXGroup section */
		CE35CE671C4A3E2700DFA141 = {
			isa = PBXGroup;
			children = (
				CE35CE721C4A3E2700DFA141 /* SwiftWithC */,
				CE35CE711C4A3E2700DFA141 /* Products */,
			);
			sourceTree = "<group>";
		};
		CE35CE711C4A3E2700DFA141 /* Products */ = {
			isa = PBXGroup;
			children = (
				CE35CE701C4A3E2700DFA141 /* SwiftWithC.app */,
			);
			name = Products;
			sourceTree = "<group>";
		};
		CE35CE721C4A3E2700DFA141 /* SwiftWithC */ = {
			isa = PBXGroup;
			children = (
				CE35CE731C4A3E2700DFA141 /* AppDelegate.swift */,
				CE35CE751C4A3E2700DFA141 /* ViewController.swift */,
				CE35CE771C4A3E2700DFA141 /* Main.storyboard */,
				CE35CE7A1C4A3E2700DFA141 /* Assets.xcassets */,
				CE35CE7C1C4A3E2700DFA141 /* LaunchScreen.storyboard */,
				CE35CE7F1C4A3E2700DFA141 /* Info.plist */,
				CE35CE861C4A3E8D00DFA141 /* OCClass.h */,
				CE35CE871C4A3E8D00DFA141 /* OCClass.m */,
				CE35CE851C4A3E8C00DFA141 /* SwiftWithC-Bridging-Header.h */,
			);
			path = SwiftWithC;
			sourceTree = "<group>";
		};
/* End PBXGroup section */

/* Begin PBXNativeTarget section */
		CE35CE6F1C4A3E2700DFA141 /* SwiftWithC */ = {
			isa = PBXNativeTarget;
			buildConfigurationList = CE35CE821C4A3E2700DFA141 /* Build configuration list for PBXNativeTarget "SwiftWithC" */;
			buildPhases = (
				CE35CE6C1C4A3E2700DFA141 /* Sources */,
				CE35CE6D1C4A3E2700DFA141 /* Frameworks */,
				CE35CE6E1C4A3E2700DFA141 /* Resources */,
			);
			buildRules = (
			);
			dependencies = (
			);
			name = SwiftWithC;
			productName = SwiftWithC;
			productReference = CE35CE701C4A3E2700DFA141 /* SwiftWithC.app */;
			productType = "com.apple.product-type.application";
		};
/* End PBXNativeTarget section */

/* Begin PBXProject section */
		CE35CE681C4A3E2700DFA141 /* Project object */ = {
			isa = PBXProject;
			attributes = {
				LastSwiftUpdateCheck = 0720;
				LastUpgradeCheck = 0720;
				ORGANIZATIONNAME = nero;
				TargetAttributes = {
					CE35CE6F1C4A3E2700DFA141 = {
						CreatedOnToolsVersion = 7.2;
					};
				};
			};
			buildConfigurationList = CE35CE6B1C4A3E2700DFA141 /* Build configuration list for PBXProject "SwiftWithC" */;
			compatibilityVersion = "Xcode 3.2";
			developmentRegion = English;
			hasScannedForEncodings = 0;
			knownRegions = (
				en,
				Base,
			);
			mainGroup = CE35CE671C4A3E2700DFA141;
			productRefGroup = CE35CE711C4A3E2700DFA141 /* Products */;
			projectDirPath = "";
			projectRoot = "";
			targets = (
				CE35CE6F1C4A3E2700DFA141 /* SwiftWithC */,
			);
		};
/* End PBXProject section */

/* Begin PBXResourcesBuildPhase section */
		CE35CE6E1C4A3E2700DFA141 /* Resources */ = {
			isa = PBXResourcesBuildPhase;
			buildActionMask = 2147483647;
			files = (
				CE35CE7E1C4A3E2700DFA141 /* LaunchScreen.storyboard in Resources */,
				CE35CE7B1C4A3E2700DFA141 /* Assets.xcassets in Resources */,
				CE35CE791C4A3E2700DFA141 /* Main.storyboard in Resources */,
			);
			runOnlyForDeploymentPostprocessing = 0;
		};
/* End PBXResourcesBuildPhase section */

/* Begin PBXSourcesBuildPhase section */
		CE35CE6C1C4A3E2700DFA141 /* Sources */ = {
			isa = PBXSourcesBuildPhase;
			buildActionMask = 2147483647;
			files = (
				CE35CE881C4A3E8D00DFA141 /* OCClass.m in Sources */,
				CE35CE761C4A3E2700DFA141 /* ViewController.swift in Sources */,
				CE35CE741C4A3E2700DFA141 /* AppDelegate.swift in Sources */,
			);
			runOnlyForDeploymentPostprocessing = 0;
		};
/* End PBXSourcesBuildPhase section */

/* Begin PBXVariantGroup section */
		CE35CE771C4A3E2700DFA141 /* Main.storyboard */ = {
			isa = PBXVariantGroup;
			children = (
				CE35CE781C4A3E2700DFA141 /* Base */,
			);
			name = Main.storyboard;
			sourceTree = "<group>";
		};
		CE35CE7C1C4A3E2700DFA141 /* LaunchScreen.storyboard */ = {
			isa = PBXVariantGroup;
			children = (
				CE35CE7D1C4A3E2700DFA141 /* Base */,
			);
			name = LaunchScreen.storyboard;
			sourceTree = "<group>";
		};
/* End PBXVariantGroup section */

/* Begin XCBuildConfiguration section */
		CE35CE801C4A3E2700DFA141 /* Debug */ = {
			isa = XCBuildConfiguration;
			buildSettings = {
				ALWAYS_SEARCH_USER_PATHS = NO;
				CLANG_CXX_LANGUAGE_STANDARD = "gnu++0x";
				CLANG_CXX_LIBRARY = "libc++";
				CLANG_ENABLE_MODULES = YES;
				CLANG_ENABLE_OBJC_ARC = YES;
				CLANG_WARN_BOOL_CONVERSION = YES;
				CLANG_WARN_CONSTANT_CONVERSION = YES;
				CLANG_WARN_DIRECT_OBJC_ISA_USAGE = YES_ERROR;
				CLANG_WARN_EMPTY_BODY = YES;
				CLANG_WARN_ENUM_CONVERSION = YES;
				CLANG_WARN_INT_CONVERSION = YES;
				CLANG_WARN_OBJC_ROOT_CLASS = YES_ERROR;
				CLANG_WARN_UNREACHABLE_CODE = YES;
				CLANG_WARN__DUPLICATE_METHOD_MATCH = YES;
				"CODE_SIGN_IDENTITY[sdk=iphoneos*]" = "iPhone Developer";
				COPY_PHASE_STRIP = NO;
				DEBUG_INFORMATION_FORMAT = dwarf;
				ENABLE_STRICT_OBJC_MSGSEND = YES;
				ENABLE_TESTABILITY = YES;
				GCC_C_LANGUAGE_STANDARD = gnu99;
				GCC_DYNAMIC_NO_PIC = NO;
				GCC_NO_COMMON_BLOCKS = YES;
				GCC_OPTIMIZATION_LEVEL = 0;
				GCC_PREPROCESSOR_DEFINITIONS = (
					"DEBUG=1",
					"$(inherited)",
				);
				GCC_WARN_64_TO_32_BIT_CONVERSION = YES;
				GCC_WARN_ABOUT_RETURN_TYPE = YES_ERROR;
				GCC_WARN_UNDECLARED_SELECTOR = YES;
				GCC_WARN_UNINITIALIZED_AUTOS = YES_AGGRESSIVE;
				GCC_WARN_UNUSED_FUNCTION = YES;
				GCC_WARN_UNUSED_VARIABLE = YES;
				IPHONEOS_DEPLOYMENT_TARGET = 9.2;
				MTL_ENABLE_DEBUG_INFO = YES;
				ONLY_ACTIVE_ARCH = YES;
				SDKROOT = iphoneos;
				SWIFT_OPTIMIZATION_LEVEL = "-Onone";
			};
			name = Debug;
		};
		CE35CE811C4A3E2700DFA141 /* Release */ = {
			isa = XCBuildConfiguration;
			buildSettings = {
				ALWAYS_SEARCH_USER_PATHS = NO;
				CLANG_CXX_LANGUAGE_STANDARD = "gnu++0x";
				CLANG_CXX_LIBRARY = "libc++";
				CLANG_ENABLE_MODULES = YES;
				CLANG_ENABLE_OBJC_ARC = YES;
				CLANG_WARN_BOOL_CONVERSION = YES;
				CLANG_WARN_CONSTANT_CONVERSION = YES;
				CLANG_WARN_DIRECT_OBJC_ISA_USAGE = YES_ERROR;
				CLANG_WARN_EMPTY_BODY = YES;
				CLANG_WARN_ENUM_CONVERSION = YES;
				CLANG_WARN_INT_CONVERSION = YES;
				CLANG_WARN_OBJC_ROOT_CLASS = YES_ERROR;
				CLANG_WARN_UNREACHABLE_CODE = YES;
				CLANG_WARN__DUPLICATE_METHOD_MATCH = YES;
				"CODE_SIGN_IDENTITY[sdk=iphoneos*]" = "iPhone Developer";
				COPY_PHASE_STRIP = NO;
				DEBUG_INFORMATION_FORMAT = "dwarf-with-dsym";
				ENABLE_NS_ASSERTIONS = NO;
				ENABLE_STRICT_OBJC_MSGSEND = YES;
				GCC_C_LANGUAGE_STANDARD = gnu99;
				GCC_NO_COMMON_BLOCKS = YES;
				GCC_WARN_64_TO_32_BIT_CONVERSION = YES;
				GCC_WARN_ABOUT_RETURN_TYPE = YES_ERROR;
				GCC_WARN_UNDECLARED_SELECTOR = YES;
				GCC_WARN_UNINITIALIZED_AUTOS = YES_AGGRESSIVE;
				GCC_WARN_UNUSED_FUNCTION = YES;
				GCC_WARN_UNUSED_VARIABLE = YES;
				IPHONEOS_DEPLOYMENT_TARGET = 9.2;
				MTL_ENABLE_DEBUG_INFO = NO;
				SDKROOT = iphoneos;
				VALIDATE_PRODUCT = YES;
			};
			name = Release;
		};
		CE35CE831C4A3E2700DFA141 /* Debug */ = {
			isa = XCBuildConfiguration;
			buildSettings = {
				ASSETCATALOG_COMPILER_APPICON_NAME = AppIcon;
				CLANG_ENABLE_MODULES = YES;
				INFOPLIST_FILE = SwiftWithC/Info.plist;
				LD_RUNPATH_SEARCH_PATHS = "$(inherited) @executable_path/Frameworks";
				PRODUCT_BUNDLE_IDENTIFIER = com.nero.SwiftWithC;
				PRODUCT_NAME = "$(TARGET_NAME)";
				SWIFT_OBJC_BRIDGING_HEADER = "SwiftWithC/SwiftWithC-Bridging-Header.h";
				SWIFT_OPTIMIZATION_LEVEL = "-Onone";
			};
			name = Debug;
		};
		CE35CE841C4A3E2700DFA141 /* Release */ = {
			isa = XCBuildConfiguration;
			buildSettings = {
				ASSETCATALOG_COMPILER_APPICON_NAME = AppIcon;
				CLANG_ENABLE_MODULES = YES;
				INFOPLIST_FILE = SwiftWithC/Info.plist;
				LD_RUNPATH_SEARCH_PATHS = "$(inherited) @executable_path/Frameworks";
				PRODUCT_BUNDLE_IDENTIFIER = com.nero.SwiftWithC;
				PRODUCT_NAME = "$(TARGET_NAME)";
				SWIFT_OBJC_BRIDGING_HEADER = "SwiftWithC/SwiftWithC-Bridging-Header.h";
			};
			name = Release;
		};
/* End XCBuildConfiguration section */

/* Begin XCConfigurationList section */
		CE35CE6B1C4A3E2700DFA141 /* Build configuration list for PBXProject "SwiftWithC" */ = {
			isa = XCConfigurationList;
			buildConfigurations = (
				CE35CE801C4A3E2700DFA141 /* Debug */,
				CE35CE811C4A3E2700DFA141 /* Release */,
			);
			defaultConfigurationIsVisible = 0;
			defaultConfigurationName = Release;
		};
		CE35CE821C4A3E2700DFA141 /* Build configuration list for PBXNativeTarget "SwiftWithC" */ = {
			isa = XCConfigurationList;
			buildConfigurations = (
				CE35CE831C4A3E2700DFA141 /* Debug */,
				CE35CE841C4A3E2700DFA141 /* Release */,
			);
			defaultConfigurationIsVisible = 0;
		};
/* End XCConfigurationList section */
	};
	rootObject = CE35CE681C4A3E2700DFA141 /* Project object */;
}
